// !$*UTF8*$!
{
	archiveVersion = 1;
	classes = {
	};
	objectVersion = 46;
	objects = {

/* Begin PBXBuildFile section */
		EADC80C31CA8E8E900DE2CC6 /* AppDelegate.swift in Sources */ = {isa = PBXBuildFile; fileRef = EADC80C21CA8E8E900DE2CC6 /* AppDelegate.swift */; };
		EADC80C61CA8E8E900DE2CC6 /* BuscadorLibrosTabla.xcdatamodeld in Sources */ = {isa = PBXBuildFile; fileRef = EADC80C41CA8E8E900DE2CC6 /* BuscadorLibrosTabla.xcdatamodeld */; };
		EADC80C81CA8E8E900DE2CC6 /* MasterViewController.swift in Sources */ = {isa = PBXBuildFile; fileRef = EADC80C71CA8E8E900DE2CC6 /* MasterViewController.swift */; };
		EADC80CA1CA8E8E900DE2CC6 /* DetailViewController.swift in Sources */ = {isa = PBXBuildFile; fileRef = EADC80C91CA8E8E900DE2CC6 /* DetailViewController.swift */; };
		EADC80CD1CA8E8E900DE2CC6 /* Main.storyboard in Resources */ = {isa = PBXBuildFile; fileRef = EADC80CB1CA8E8E900DE2CC6 /* Main.storyboard */; };
		EADC80CF1CA8E8E900DE2CC6 /* Assets.xcassets in Resources */ = {isa = PBXBuildFile; fileRef = EADC80CE1CA8E8E900DE2CC6 /* Assets.xcassets */; };
		EADC80D21CA8E8E900DE2CC6 /* LaunchScreen.storyboard in Resources */ = {isa = PBXBuildFile; fileRef = EADC80D01CA8E8E900DE2CC6 /* LaunchScreen.storyboard */; };
		EADC80DA1CA8FC1300DE2CC6 /* Modelo.swift in Sources */ = {isa = PBXBuildFile; fileRef = EADC80D91CA8FC1300DE2CC6 /* Modelo.swift */; };
		EADC80DC1CA900DC00DE2CC6 /* BusquedaISBNViewController.swift in Sources */ = {isa = PBXBuildFile; fileRef = EADC80DB1CA900DC00DE2CC6 /* BusquedaISBNViewController.swift */; };
/* End PBXBuildFile section */

/* Begin PBXFileReference section */
		EADC80BF1CA8E8E800DE2CC6 /* BuscadorLibrosTabla.app */ = {isa = PBXFileReference; explicitFileType = wrapper.application; includeInIndex = 0; path = BuscadorLibrosTabla.app; sourceTree = BUILT_PRODUCTS_DIR; };
		EADC80C21CA8E8E900DE2CC6 /* AppDelegate.swift */ = {isa = PBXFileReference; lastKnownFileType = sourcecode.swift; path = AppDelegate.swift; sourceTree = "<group>"; };
		EADC80C51CA8E8E900DE2CC6 /* BuscadorLibrosTabla.xcdatamodel */ = {isa = PBXFileReference; lastKnownFileType = wrapper.xcdatamodel; path = BuscadorLibrosTabla.xcdatamodel; sourceTree = "<group>"; };
		EADC80C71CA8E8E900DE2CC6 /* MasterViewController.swift */ = {isa = PBXFileReference; lastKnownFileType = sourcecode.swift; path = MasterViewController.swift; sourceTree = "<group>"; };
		EADC80C91CA8E8E900DE2CC6 /* DetailViewController.swift */ = {isa = PBXFileReference; lastKnownFileType = sourcecode.swift; path = DetailViewController.swift; sourceTree = "<group>"; };
		EADC80CC1CA8E8E900DE2CC6 /* Base */ = {isa = PBXFileReference; lastKnownFileType = file.storyboard; name = Base; path = Base.lproj/Main.storyboard; sourceTree = "<group>"; };
		EADC80CE1CA8E8E900DE2CC6 /* Assets.xcassets */ = {isa = PBXFileReference; lastKnownFileType = folder.assetcatalog; path = Assets.xcassets; sourceTree = "<group>"; };
		EADC80D11CA8E8E900DE2CC6 /* Base */ = {isa = PBXFileReference; lastKnownFileType = file.storyboard; name = Base; path = Base.lproj/LaunchScreen.storyboard; sourceTree = "<group>"; };
		EADC80D31CA8E8E900DE2CC6 /* Info.plist */ = {isa = PBXFileReference; lastKnownFileType = text.plist.xml; path = Info.plist; sourceTree = "<group>"; };
		EADC80D91CA8FC1300DE2CC6 /* Modelo.swift */ = {isa = PBXFileReference; fileEncoding = 4; lastKnownFileType = sourcecode.swift; path = Modelo.swift; sourceTree = "<group>"; };
		EADC80DB1CA900DC00DE2CC6 /* BusquedaISBNViewController.swift */ = {isa = PBXFileReference; fileEncoding = 4; lastKnownFileType = sourcecode.swift; path = BusquedaISBNViewController.swift; sourceTree = "<group>"; };
/* End PBXFileReference section */

/* Begin PBXFrameworksBuildPhase section */
		EADC80BC1CA8E8E800DE2CC6 /* Frameworks */ = {
			isa = PBXFrameworksBuildPhase;
			buildActionMask = 2147483647;
			files = (
			);
			runOnlyForDeploymentPostprocessing = 0;
		};
/* End PBXFrameworksBuildPhase section */

/* Begin PBXGroup section */
		EADC80B61CA8E8E800DE2CC6 = {
			isa = PBXGroup;
			children = (
				EADC80C11CA8E8E800DE2CC6 /* BuscadorLibrosTabla */,
				EADC80C01CA8E8E800DE2CC6 /* Products */,
			);
			sourceTree = "<group>";
		};
		EADC80C01CA8E8E800DE2CC6 /* Products */ = {
			isa = PBXGroup;
			children = (
				EADC80BF1CA8E8E800DE2CC6 /* BuscadorLibrosTabla.app */,
			);
			name = Products;
			sourceTree = "<group>";
		};
		EADC80C11CA8E8E800DE2CC6 /* BuscadorLibrosTabla */ = {
			isa = PBXGroup;
			children = (
				EADC80C21CA8E8E900DE2CC6 /* AppDelegate.swift */,
				EADC80C71CA8E8E900DE2CC6 /* MasterViewController.swift */,
				EADC80C91CA8E8E900DE2CC6 /* DetailViewController.swift */,
				EADC80CB1CA8E8E900DE2CC6 /* Main.storyboard */,
				EADC80CE1CA8E8E900DE2CC6 /* Assets.xcassets */,
				EADC80D01CA8E8E900DE2CC6 /* LaunchScreen.storyboard */,
				EADC80D31CA8E8E900DE2CC6 /* Info.plist */,
				EADC80C41CA8E8E900DE2CC6 /* BuscadorLibrosTabla.xcdatamodeld */,
				EADC80D91CA8FC1300DE2CC6 /* Modelo.swift */,
				EADC80DB1CA900DC00DE2CC6 /* BusquedaISBNViewController.swift */,
			);
			path = BuscadorLibrosTabla;
			sourceTree = "<group>";
		};
/* End PBXGroup section */

/* Begin PBXNativeTarget section */
		EADC80BE1CA8E8E800DE2CC6 /* BuscadorLibrosTabla */ = {
			isa = PBXNativeTarget;
			buildConfigurationList = EADC80D61CA8E8E900DE2CC6 /* Build configuration list for PBXNativeTarget "BuscadorLibrosTabla" */;
			buildPhases = (
				EADC80BB1CA8E8E800DE2CC6 /* Sources */,
				EADC80BC1CA8E8E800DE2CC6 /* Frameworks */,
				EADC80BD1CA8E8E800DE2CC6 /* Resources */,
			);
			buildRules = (
			);
			dependencies = (
			);
			name = BuscadorLibrosTabla;
			productName = BuscadorLibrosTabla;
			productReference = EADC80BF1CA8E8E800DE2CC6 /* BuscadorLibrosTabla.app */;
			productType = "com.apple.product-type.application";
		};
/* End PBXNativeTarget section */

/* Begin PBXProject section */
		EADC80B71CA8E8E800DE2CC6 /* Project object */ = {
			isa = PBXProject;
			attributes = {
				LastSwiftUpdateCheck = 0730;
				LastUpgradeCheck = 0730;
				ORGANIZATIONNAME = Aplicapp;
				TargetAttributes = {
					EADC80BE1CA8E8E800DE2CC6 = {
						CreatedOnToolsVersion = 7.3;
						DevelopmentTeam = QPCRFQ68MN;
					};
				};
			};
			buildConfigurationList = EADC80BA1CA8E8E800DE2CC6 /* Build configuration list for PBXProject "BuscadorLibrosTabla" */;
			compatibilityVersion = "Xcode 3.2";
			developmentRegion = English;
			hasScannedForEncodings = 0;
			knownRegions = (
				en,
				Base,
			);
			mainGroup = EADC80B61CA8E8E800DE2CC6;
			productRefGroup = EADC80C01CA8E8E800DE2CC6 /* Products */;
			projectDirPath = "";
			projectRoot = "";
			targets = (
				EADC80BE1CA8E8E800DE2CC6 /* BuscadorLibrosTabla */,
			);
		};
/* End PBXProject section */

/* Begin PBXResourcesBuildPhase section */
		EADC80BD1CA8E8E800DE2CC6 /* Resources */ = {
			isa = PBXResourcesBuildPhase;
			buildActionMask = 2147483647;
			files = (
				EADC80D21CA8E8E900DE2CC6 /* LaunchScreen.storyboard in Resources */,
				EADC80CF1CA8E8E900DE2CC6 /* Assets.xcassets in Resources */,
				EADC80CD1CA8E8E900DE2CC6 /* Main.storyboard in Resources */,
			);
			runOnlyForDeploymentPostprocessing = 0;
		};
/* End PBXResourcesBuildPhase section */

/* Begin PBXSourcesBuildPhase section */
		EADC80BB1CA8E8E800DE2CC6 /* Sources */ = {
			isa = PBXSourcesBuildPhase;
			buildActionMask = 2147483647;
			files = (
				EADC80C61CA8E8E900DE2CC6 /* BuscadorLibrosTabla.xcdatamodeld in Sources */,
				EADC80C31CA8E8E900DE2CC6 /* AppDelegate.swift in Sources */,
				EADC80C81CA8E8E900DE2CC6 /* MasterViewController.swift in Sources */,
				EADC80CA1CA8E8E900DE2CC6 /* DetailViewController.swift in Sources */,
				EADC80DC1CA900DC00DE2CC6 /* BusquedaISBNViewController.swift in Sources */,
				EADC80DA1CA8FC1300DE2CC6 /* Modelo.swift in Sources */,
			);
			runOnlyForDeploymentPostprocessing = 0;
		};
/* End PBXSourcesBuildPhase section */

/* Begin PBXVariantGroup section */
		EADC80CB1CA8E8E900DE2CC6 /* Main.storyboard */ = {
			isa = PBXVariantGroup;
			children = (
				EADC80CC1CA8E8E900DE2CC6 /* Base */,
			);
			name = Main.storyboard;
			sourceTree = "<group>";
		};
		EADC80D01CA8E8E900DE2CC6 /* LaunchScreen.storyboard */ = {
			isa = PBXVariantGroup;
			children = (
				EADC80D11CA8E8E900DE2CC6 /* Base */,
			);
			name = LaunchScreen.storyboard;
			sourceTree = "<group>";
		};
/* End PBXVariantGroup section */

/* Begin XCBuildConfiguration section */
		EADC80D41CA8E8E900DE2CC6 /* Debug */ = {
			isa = XCBuildConfiguration;
			buildSettings = {
				ALWAYS_SEARCH_USER_PATHS = NO;
				CLANG_ANALYZER_NONNULL = YES;
				CLANG_CXX_LANGUAGE_STANDARD = "gnu++0x";
				CLANG_CXX_LIBRARY = "libc++";
				CLANG_ENABLE_MODULES = YES;
				CLANG_ENABLE_OBJC_ARC = YES;
				CLANG_WARN_BOOL_CONVERSION = YES;
				CLANG_WARN_CONSTANT_CONVERSION = YES;
				CLANG_WARN_DIRECT_OBJC_ISA_USAGE = YES_ERROR;
				CLANG_WARN_EMPTY_BODY = YES;
				CLANG_WARN_ENUM_CONVERSION = YES;
				CLANG_WARN_INT_CONVERSION = YES;
				CLANG_WARN_OBJC_ROOT_CLASS = YES_ERROR;
				CLANG_WARN_UNREACHABLE_CODE = YES;
				CLANG_WARN__DUPLICATE_METHOD_MATCH = YES;
				"CODE_SIGN_IDENTITY[sdk=iphoneos*]" = "iPhone Developer";
				COPY_PHASE_STRIP = NO;
				DEBUG_INFORMATION_FORMAT = dwarf;
				ENABLE_STRICT_OBJC_MSGSEND = YES;
				ENABLE_TESTABILITY = YES;
				GCC_C_LANGUAGE_STANDARD = gnu99;
				GCC_DYNAMIC_NO_PIC = NO;
				GCC_NO_COMMON_BLOCKS = YES;
				GCC_OPTIMIZATION_LEVEL = 0;
				GCC_PREPROCESSOR_DEFINITIONS = (
					"DEBUG=1",
					"$(inherited)",
				);
				GCC_WARN_64_TO_32_BIT_CONVERSION = YES;
				GCC_WARN_ABOUT_RETURN_TYPE = YES_ERROR;
				GCC_WARN_UNDECLARED_SELECTOR = YES;
				GCC_WARN_UNINITIALIZED_AUTOS = YES_AGGRESSIVE;
				GCC_WARN_UNUSED_FUNCTION = YES;
				GCC_WARN_UNUSED_VARIABLE = YES;
				IPHONEOS_DEPLOYMENT_TARGET = 9.3;
				MTL_ENABLE_DEBUG_INFO = YES;
				ONLY_ACTIVE_ARCH = YES;
				SDKROOT = iphoneos;
				SWIFT_OPTIMIZATION_LEVEL = "-Onone";
			};
			name = Debug;
		};
		EADC80D51CA8E8E900DE2CC6 /* Release */ = {
			isa = XCBuildConfiguration;
			buildSettings = {
				ALWAYS_SEARCH_USER_PATHS = NO;
				CLANG_ANALYZER_NONNULL = YES;
				CLANG_CXX_LANGUAGE_STANDARD = "gnu++0x";
				CLANG_CXX_LIBRARY = "libc++";
				CLANG_ENABLE_MODULES = YES;
				CLANG_ENABLE_OBJC_ARC = YES;
				CLANG_WARN_BOOL_CONVERSION = YES;
				CLANG_WARN_CONSTANT_CONVERSION = YES;
				CLANG_WARN_DIRECT_OBJC_ISA_USAGE = YES_ERROR;
				CLANG_WARN_EMPTY_BODY = YES;
				CLANG_WARN_ENUM_CONVERSION = YES;
				CLANG_WARN_INT_CONVERSION = YES;
				CLANG_WARN_OBJC_ROOT_CLASS = YES_ERROR;
				CLANG_WARN_UNREACHABLE_CODE = YES;
				CLANG_WARN__DUPLICATE_METHOD_MATCH = YES;
				"CODE_SIGN_IDENTITY[sdk=iphoneos*]" = "iPhone Developer";
				COPY_PHASE_STRIP = NO;
				DEBUG_INFORMATION_FORMAT = "dwarf-with-dsym";
				ENABLE_NS_ASSERTIONS = NO;
				ENABLE_STRICT_OBJC_MSGSEND = YES;
				GCC_C_LANGUAGE_STANDARD = gnu99;
				GCC_NO_COMMON_BLOCKS = YES;
				GCC_WARN_64_TO_32_BIT_CONVERSION = YES;
				GCC_WARN_ABOUT_RETURN_TYPE = YES_ERROR;
				GCC_WARN_UNDECLARED_SELECTOR = YES;
				GCC_WARN_UNINITIALIZED_AUTOS = YES_AGGRESSIVE;
				GCC_WARN_UNUSED_FUNCTION = YES;
				GCC_WARN_UNUSED_VARIABLE = YES;
				IPHONEOS_DEPLOYMENT_TARGET = 9.3;
				MTL_ENABLE_DEBUG_INFO = NO;
				SDKROOT = iphoneos;
				VALIDATE_PRODUCT = YES;
			};
			name = Release;
		};
		EADC80D71CA8E8E900DE2CC6 /* Debug */ = {
			isa = XCBuildConfiguration;
			buildSettings = {
				ASSETCATALOG_COMPILER_APPICON_NAME = AppIcon;
				INFOPLIST_FILE = BuscadorLibrosTabla/Info.plist;
				LD_RUNPATH_SEARCH_PATHS = "$(inherited) @executable_path/Frameworks";
				PRODUCT_BUNDLE_IDENTIFIER = com.aplicapp.BuscadorLibrosTabla;
				PRODUCT_NAME = "$(TARGET_NAME)";
			};
			name = Debug;
		};
		EADC80D81CA8E8E900DE2CC6 /* Release */ = {
			isa = XCBuildConfiguration;
			buildSettings = {
				ASSETCATALOG_COMPILER_APPICON_NAME = AppIcon;
				INFOPLIST_FILE = BuscadorLibrosTabla/Info.plist;
				LD_RUNPATH_SEARCH_PATHS = "$(inherited) @executable_path/Frameworks";
				PRODUCT_BUNDLE_IDENTIFIER = com.aplicapp.BuscadorLibrosTabla;
				PRODUCT_NAME = "$(TARGET_NAME)";
			};
			name = Release;
		};
/* End XCBuildConfiguration section */

/* Begin XCConfigurationList section */
		EADC80BA1CA8E8E800DE2CC6 /* Build configuration list for PBXProject "BuscadorLibrosTabla" */ = {
			isa = XCConfigurationList;
			buildConfigurations = (
				EADC80D41CA8E8E900DE2CC6 /* Debug */,
				EADC80D51CA8E8E900DE2CC6 /* Release */,
			);
			defaultConfigurationIsVisible = 0;
			defaultConfigurationName = Release;
		};
		EADC80D61CA8E8E900DE2CC6 /* Build configuration list for PBXNativeTarget "BuscadorLibrosTabla" */ = {
			isa = XCConfigurationList;
			buildConfigurations = (
				EADC80D71CA8E8E900DE2CC6 /* Debug */,
				EADC80D81CA8E8E900DE2CC6 /* Release */,
			);
			defaultConfigurationIsVisible = 0;
			defaultConfigurationName = Release;
		};
/* End XCConfigurationList section */

/* Begin XCVersionGroup section */
		EADC80C41CA8E8E900DE2CC6 /* BuscadorLibrosTabla.xcdatamodeld */ = {
			isa = XCVersionGroup;
			children = (
				EADC80C51CA8E8E900DE2CC6 /* BuscadorLibrosTabla.xcdatamodel */,
			);
			currentVersion = EADC80C51CA8E8E900DE2CC6 /* BuscadorLibrosTabla.xcdatamodel */;
			path = BuscadorLibrosTabla.xcdatamodeld;
			sourceTree = "<group>";
			versionGroupType = wrapper.xcdatamodel;
		};
/* End XCVersionGroup section */
	};
	rootObject = EADC80B71CA8E8E800DE2CC6 /* Project object */;
}
